getLocalToSceneTransform
getLocalToParentTransform
getCacheHint
getControlCssMetaData
getClassCssMetaData
getCssMetaData
getChildren
getLayoutBounds
getFont
getSkin
getParent
getProperties
getScene
getEffectiveNodeOrientation
getLayoutBounds
getStyle
getLocalToSceneTransform
getLocalToParentTransform
getInputMethodRequests
getClassCssMetaData
getPseudoClassStates
getAccessibleRoleDescription
getBaselineOffset
getClip
getCacheHint
getBlendMode
getStyleClass
getEffect
getCursor
getDepthTest
getUserData
getBoundsInLocal
getBoundsInParent
getContentBias
getNodeOrientation
getRotationAxis
getAccessibleText
getAccessibleHelp
getAccessibleRole
getEventDispatcher
getStyleableParent
getTypeSelector
getClass
getStyleableNode
toString
contains
contains
resize
lookup
localToScreen
localToScreen
localToScreen
localToScreen
localToScreen
intersects
intersects
setInputMethodRequests
toFront
setOpacity
\toBack
requestFocus
setCursor
disableProperty
visibleProperty
idProperty
onKeyTypedProperty
onDragExitedProperty
onDragDroppedProperty
onDragEnteredProperty
boundsInParentProperty
boundsInLocalProperty
computeAreaInScreen
layoutBoundsProperty
effectiveNodeOrientationProperty
pickOnBoundsProperty
queryAccessibleAttribute
lookupAll
autosize
parentToLocal
parentToLocal
parentToLocal
parentToLocal
parentToLocal
setAccessibleRole
setStyle
setBlendMode
setClip
effectProperty
setUserData
parentProperty
styleProperty
blendModeProperty
hasProperties
opacityProperty
setEffect
clipProperty
cursorProperty
setCache
cacheProperty
cacheHintProperty
depthTestProperty
setViewOrder
setCacheHint
sceneProperty
startFullDrag
snapshot
snapshot
onDragOverProperty
setManaged
startDragAndDrop
managedProperty
layoutXProperty
setPickOnBounds
disabledProperty
resizeRelocate
localToScene
localToScene
localToScene
localToScene
localToScene
localToScene
localToScene
localToScene
localToScene
localToScene
relocate
onDragDoneProperty
layoutYProperty
scaleZProperty
sceneToLocal
sceneToLocal
sceneToLocal
sceneToLocal
sceneToLocal
sceneToLocal
sceneToLocal
sceneToLocal
localToParent
localToParent
localToParent
localToParent
localToParent
screenToLocal
screenToLocal
screenToLocal
translateYProperty
translateZProperty
scaleXProperty
rotateProperty
translateXProperty
viewOrderProperty
scaleYProperty
hoverProperty
usesMirroring
pressedProperty
onSwipeUpProperty
onZoomProperty
onRotateProperty
setDepthTest
onMouseDragOverProperty
onRotationFinishedProperty
onZoomStartedProperty
onSwipeLeftProperty
onMouseReleasedProperty
onScrollStartedProperty
onSwipeRightProperty
onTouchPressedProperty
onTouchReleasedProperty
onDragDetectedProperty
onMouseDraggedProperty
localToParentTransformProperty
onTouchMovedProperty
onTouchStationaryProperty
rotationAxisProperty
nodeOrientationProperty
onMouseEnteredProperty
onMouseExitedProperty
onMouseDragEnteredProperty
onMouseDragReleasedProperty
onMouseMovedProperty
mouseTransparentProperty
onRotationStartedProperty
onContextMenuRequestedProperty
onScrollFinishedProperty
onZoomFinishedProperty
onMouseDragExitedProperty
onMouseClickedProperty
onSwipeDownProperty
localToSceneTransformProperty
onMousePressedProperty
buildEventDispatchChain
accessibleRoleProperty
setAccessibleRoleDescription
accessibleRoleDescriptionProperty
pseudoClassStateChanged
executeAccessibleAction
onKeyReleasedProperty
accessibleTextProperty
notifyAccessibleAttributeChanged
inputMethodRequestsProperty
accessibleHelpProperty
onKeyPressedProperty
onInputMethodTextChangedProperty
focusTraversableProperty
eventDispatcherProperty
removeEventFilter
addEventFilter
setAccessibleHelp
setEventDispatcher
addEventHandler
setAccessibleText
focusedProperty
removeEventHandler
fireEvent
applyCss
wait
wait
wait
equals
hashCode
notify
notifyAll